
Microsoft Visual Studio Solution File, Format Version 12.00
# Visual Studio Version 16
VisualStudioVersion = 16.0.30225.117
MinimumVisualStudioVersion = 10.0.40219.1
Project("{FAE04EC0-301F-11D3-BF4B-00C04F79EFBC}") = "FunctionApp2", "FunctionApp2\FunctionApp2.csproj", "{9DB73A89-8F1E-4825-85C0-A1E0BF890D5A}"
EndProject
Global
	GlobalSection(SolutionConfigurationPlatforms) = preSolution
		Debug|Any CPU = Debug|Any CPU
		Release|Any CPU = Release|Any CPU
	EndGlobalSection
	GlobalSection(ProjectConfigurationPlatforms) = postSolution
		{9DB73A89-8F1E-4825-85C0-A1E0BF890D5A}.Debug|Any CPU.ActiveCfg = Debug|Any CPU
		{9DB73A89-8F1E-4825-85C0-A1E0BF890D5A}.Debug|Any CPU.Build.0 = Debug|Any CPU
		{9DB73A89-8F1E-4825-85C0-A1E0BF890D5A}.Release|Any CPU.ActiveCfg = Release|Any CPU
		{9DB73A89-8F1E-4825-85C0-A1E0BF890D5A}.Release|Any CPU.Build.0 = Release|Any CPU
	EndGlobalSection
	GlobalSection(SolutionProperties) = preSolution
		HideSolutionNode = FALSE
	EndGlobalSection
	GlobalSection(ExtensibilityGlobals) = postSolution
		SolutionGuid = {BAA97B8E-3045-4B89-BD0C-C0FE86EB3B00}
	EndGlobalSection
EndGlobal
